
Microsoft Visual Studio Solution File, Format Version 12.00
# Visual Studio Version 17
VisualStudioVersion = 17.4.33801.306
MinimumVisualStudioVersion = 10.0.40219.1
Project("{9A19103F-16F7-4668-BE54-9A1E7A4F7556}") = "XObjectsCore", "XObjectsCore\XObjectsCore.csproj", "{71210419-4EA9-442B-ACA2-4FCD647929E3}"
EndProject
Project("{9A19103F-16F7-4668-BE54-9A1E7A4F7556}") = "LinqToXsd", "LinqToXsd\LinqToXsd.csproj", "{39BF4375-E14A-4779-8D9D-90C39E1C5BBB}"
EndProject
Project("{9A19103F-16F7-4668-BE54-9A1E7A4F7556}") = "XObjectsTests", "XObjectsTests\XObjectsTests.csproj", "{5BA935F4-E5A4-4679-8F55-3E875C797C54}"
EndProject
Project("{2150E333-8FDC-42A3-9474-1A3956D46DE8}") = "Solution Items", "Solution Items", "{7E2B0371-0473-46A8-B096-ADF655B9D526}"
	ProjectSection(SolutionItems) = preProject
		.gitignore = .gitignore
		azure-pipelines.yml = azure-pipelines.yml
		Directory.Build.props = Directory.Build.props
		Directory.Build.targets = Directory.Build.targets
		RELEASENOTES.md = RELEASENOTES.md
		Version.props = Version.props
		_config.yml = _config.yml
	EndProjectSection
EndProject
Project("{9A19103F-16F7-4668-BE54-9A1E7A4F7556}") = "XObjectsCodeGen", "XObjectsCode\XObjectsCodeGen.csproj", "{26B49F5C-4459-4B14-B25B-057469144039}"
EndProject
Project("{9A19103F-16F7-4668-BE54-9A1E7A4F7556}") = "LinqToXsd.Schemas", "LinqToXsd.Schemas\LinqToXsd.Schemas.csproj", "{4796DCB8-6C80-487B-9A58-09B96EEE2908}"
EndProject
Project("{9A19103F-16F7-4668-BE54-9A1E7A4F7556}") = "XSD", "GeneratedSchemaLibraries\XSD\XSD.csproj", "{36D3AEAC-AF65-448B-BBFE-C7910E2FB218}"
EndProject
Project("{9A19103F-16F7-4668-BE54-9A1E7A4F7556}") = "XQueryX", "GeneratedSchemaLibraries\XQueryX\XQueryX.csproj", "{A0A6591A-0A91-4A22-B7B9-B421F793FE54}"
EndProject
Project("{9A19103F-16F7-4668-BE54-9A1E7A4F7556}") = "1707_ISYBAU_XML_Schema", "GeneratedSchemaLibraries\1707_ISYBAU_XML_Schema\1707_ISYBAU_XML_Schema.csproj", "{1D4B39DE-703D-4DAE-8503-2FAA77E27485}"
EndProject
Project("{9A19103F-16F7-4668-BE54-9A1E7A4F7556}") = "AbstractTypeTest", "GeneratedSchemaLibraries\AbstractTypeTest\AbstractTypeTest.csproj", "{FC15BBDD-171C-4795-9588-5116311DAF88}"
EndProject
Project("{2150E333-8FDC-42A3-9474-1A3956D46DE8}") = "GeneratedSchemaLibraries", "GeneratedSchemaLibraries", "{E65C7EC3-E7E2-46C0-83E1-BFD629ED6C6D}"
	ProjectSection(SolutionItems) = preProject
		GeneratedSchemaLibraries\Directory.Build.props = GeneratedSchemaLibraries\Directory.Build.props
	EndProjectSection
EndProject
Project("{9A19103F-16F7-4668-BE54-9A1E7A4F7556}") = "XMLSpec", "GeneratedSchemaLibraries\XMLSpec\XMLSpec.csproj", "{50225D74-8662-427B-AECB-1B9572821943}"
EndProject
Project("{9A19103F-16F7-4668-BE54-9A1E7A4F7556}") = "Windows", "GeneratedSchemaLibraries\Windows\Windows.csproj", "{B82CBC28-33DB-4033-BB15-9550AC86287A}"
EndProject
Project("{9A19103F-16F7-4668-BE54-9A1E7A4F7556}") = "UK CabinetOffice", "GeneratedSchemaLibraries\UK CabinetOffice\UK CabinetOffice.csproj", "{E424D7F9-F94E-483C-886A-639C0FAC0B2E}"
EndProject
Project("{9A19103F-16F7-4668-BE54-9A1E7A4F7556}") = "TraML", "GeneratedSchemaLibraries\TraML\TraML.csproj", "{6A0D2C3F-2650-4738-B8B9-96121374B6F0}"
EndProject
Project("{9A19103F-16F7-4668-BE54-9A1E7A4F7556}") = "Toy schemas", "GeneratedSchemaLibraries\Toy schemas\Toy schemas.csproj", "{7A7532E0-BE55-4441-ADDB-909273CA940E}"
EndProject
Project("{9A19103F-16F7-4668-BE54-9A1E7A4F7556}") = "ThermoML", "GeneratedSchemaLibraries\ThermoML\ThermoML.csproj", "{355AA6F1-91D6-4002-B1BC-7D2FE7644002}"
EndProject
Project("{9A19103F-16F7-4668-BE54-9A1E7A4F7556}") = "SWRL", "GeneratedSchemaLibraries\SWRL\SWRL.csproj", "{54F576C6-94C8-4271-9AD7-DC50C1849239}"
EndProject
Project("{9A19103F-16F7-4668-BE54-9A1E7A4F7556}") = "SharePoint2010", "GeneratedSchemaLibraries\SharePoint2010\SharePoint2010.csproj", "{EA78E164-1DD2-450F-82D8-DFCFB7990A0E}"
EndProject
Project("{9A19103F-16F7-4668-BE54-9A1E7A4F7556}") = "SBVR-XML", "GeneratedSchemaLibraries\SBVR-XML\SBVR-XML.csproj", "{C0EE1D8F-68D2-42CE-AF5A-62D8969F690D}"
EndProject
Project("{9A19103F-16F7-4668-BE54-9A1E7A4F7556}") = "SBML", "GeneratedSchemaLibraries\SBML\SBML.csproj", "{5B2BE122-7AA7-4DAE-AD3F-250E659EB1BC}"
EndProject
Project("{9A19103F-16F7-4668-BE54-9A1E7A4F7556}") = "Rss", "GeneratedSchemaLibraries\Rss\Rss.csproj", "{753E6685-AE69-4913-8704-D96B5C5724C0}"
EndProject
Project("{9A19103F-16F7-4668-BE54-9A1E7A4F7556}") = "Pubmed", "GeneratedSchemaLibraries\Pubmed\Pubmed.csproj", "{DE54F790-68EA-4E72-A380-DE575BE9A307}"
EndProject
Project("{9A19103F-16F7-4668-BE54-9A1E7A4F7556}") = "Opml", "GeneratedSchemaLibraries\Opml\Opml.csproj", "{DA831FDF-6B03-4EF9-8E28-0C537FCF2F13}"
EndProject
Project("{9A19103F-16F7-4668-BE54-9A1E7A4F7556}") = "OPC", "GeneratedSchemaLibraries\OPC\OPC.csproj", "{92DEB6C3-752B-43E9-A41D-EBFE52799CED}"
EndProject
Project("{9A19103F-16F7-4668-BE54-9A1E7A4F7556}") = "OFMX", "GeneratedSchemaLibraries\OFMX\OFMX.csproj", "{A44CDE65-ADF9-49C3-81ED-199375B69814}"
EndProject
Project("{9A19103F-16F7-4668-BE54-9A1E7A4F7556}") = "NIEM", "GeneratedSchemaLibraries\NIEM\NIEM.csproj", "{33B6A2C4-9859-4E80-ADC6-8CE61DDB181E}"
EndProject
Project("{9A19103F-16F7-4668-BE54-9A1E7A4F7556}") = "NHS CDS", "GeneratedSchemaLibraries\NHS CDS\NHS CDS.csproj", "{58317C4B-5F51-41D1-8DBE-BA704A638EAB}"
EndProject
Project("{9A19103F-16F7-4668-BE54-9A1E7A4F7556}") = "mzQuantML", "GeneratedSchemaLibraries\mzQuantML\mzQuantML.csproj", "{2F190584-0C5D-4FD2-B943-D539DA83BC60}"
EndProject
Project("{9A19103F-16F7-4668-BE54-9A1E7A4F7556}") = "mzML", "GeneratedSchemaLibraries\mzML\mzML.csproj", "{A493F448-B6F6-4D4B-ACDD-EBC21D8AF40C}"
EndProject
Project("{9A19103F-16F7-4668-BE54-9A1E7A4F7556}") = "mzIdentML", "GeneratedSchemaLibraries\mzIdentML\mzIdentML.csproj", "{95E4DD8E-978D-4BBC-B422-0B0147826623}"
EndProject
Project("{9A19103F-16F7-4668-BE54-9A1E7A4F7556}") = "Multi-namespaces", "GeneratedSchemaLibraries\Multi-namespaces\Multi-namespaces.csproj", "{EEAB1C76-6C21-4003-B79C-2656ACAF75B9}"
EndProject
Project("{9A19103F-16F7-4668-BE54-9A1E7A4F7556}") = "MSBuild", "GeneratedSchemaLibraries\MSBuild\MSBuild.csproj", "{86A3A90B-CB93-46BA-A3CF-E379C0C0C56D}"
EndProject
Project("{9A19103F-16F7-4668-BE54-9A1E7A4F7556}") = "MetaLEX", "GeneratedSchemaLibraries\MetaLEX\MetaLEX.csproj", "{C78E3F2E-D715-418D-BB00-C02B5A4A16AB}"
EndProject
Project("{9A19103F-16F7-4668-BE54-9A1E7A4F7556}") = "LegalRuleML", "GeneratedSchemaLibraries\LegalRuleML\LegalRuleML.csproj", "{EDED7CA9-3B3C-47BC-8D2C-360CF6E188A9}"
EndProject
Project("{9A19103F-16F7-4668-BE54-9A1E7A4F7556}") = "LandXML", "GeneratedSchemaLibraries\LandXML\LandXML.csproj", "{194A275E-4707-464C-BD51-1EC6AD243822}"
EndProject
Project("{9A19103F-16F7-4668-BE54-9A1E7A4F7556}") = "HR-XML", "GeneratedSchemaLibraries\HR-XML\HR-XML.csproj", "{44326163-DE70-4130-B828-575058594AC3}"
EndProject
Project("{9A19103F-16F7-4668-BE54-9A1E7A4F7556}") = "HL-7", "GeneratedSchemaLibraries\HL-7\HL-7.csproj", "{BE2D9BA8-AA9D-4DAF-9935-F58DA69BC648}"
EndProject
Project("{9A19103F-16F7-4668-BE54-9A1E7A4F7556}") = "GS1", "GeneratedSchemaLibraries\GS1\GS1.csproj", "{8CF2F880-ED0C-434C-9414-7BA4992FB1B2}"
EndProject
Project("{9A19103F-16F7-4668-BE54-9A1E7A4F7556}") = "GelML", "GeneratedSchemaLibraries\GelML\GelML.csproj", "{21775A03-A2AB-4E61-9EF2-EE0CDE0D682E}"
EndProject
Project("{9A19103F-16F7-4668-BE54-9A1E7A4F7556}") = "FHIR", "GeneratedSchemaLibraries\FHIR\FHIR.csproj", "{F9C475A8-287F-48CE-8E07-C68EBA2A58D7}"
EndProject
Project("{9A19103F-16F7-4668-BE54-9A1E7A4F7556}") = "EnzymeML", "GeneratedSchemaLibraries\EnzymeML\EnzymeML.csproj", "{F4B085CB-CBDF-4C47-BE42-906228E9BB99}"
EndProject
Project("{9A19103F-16F7-4668-BE54-9A1E7A4F7556}") = "EnumsTest", "GeneratedSchemaLibraries\EnumsTest\EnumsTest.csproj", "{87AEF19D-317B-46AA-8EEA-8DF6D195565B}"
EndProject
Project("{9A19103F-16F7-4668-BE54-9A1E7A4F7556}") = "DTSX", "GeneratedSchemaLibraries\DTSX\DTSX.csproj", "{1E423A51-1355-4F96-A526-0A145DBDCCE2}"
EndProject
Project("{9A19103F-16F7-4668-BE54-9A1E7A4F7556}") = "ContentModelTest", "GeneratedSchemaLibraries\ContentModelTest\ContentModelTest.csproj", "{633CA715-40C5-4825-A602-1F6E3EDB23D4}"
EndProject
Project("{9A19103F-16F7-4668-BE54-9A1E7A4F7556}") = "Chem eStandards", "GeneratedSchemaLibraries\Chem eStandards\Chem eStandards.csproj", "{86DA0F22-D5CF-43C5-BD82-CF3CE90E2FBF}"
EndProject
Project("{9A19103F-16F7-4668-BE54-9A1E7A4F7556}") = "CellML", "GeneratedSchemaLibraries\CellML\CellML.csproj", "{D8B6729F-97D2-473F-8A32-CDE8A6B900D0}"
EndProject
Project("{9A19103F-16F7-4668-BE54-9A1E7A4F7556}") = "Atom", "GeneratedSchemaLibraries\Atom\Atom.csproj", "{E7AA5DF2-281C-4BAA-B6F7-17B65A1DCF2A}"
EndProject
Project("{9A19103F-16F7-4668-BE54-9A1E7A4F7556}") = "AspNetSiteMaps", "GeneratedSchemaLibraries\AspNetSiteMaps\AspNetSiteMaps.csproj", "{F5B7CB2F-3907-451A-9BFC-B59BBB450CFC}"
EndProject
Project("{9A19103F-16F7-4668-BE54-9A1E7A4F7556}") = "AkomaNtoso30-CSD13-D2f", "GeneratedSchemaLibraries\AkomaNtoso30-CSD13-D2f\AkomaNtoso30-CSD13-D2f.csproj", "{39CAD7B7-40CC-4751-8585-E44569D21676}"
EndProject
Project("{9A19103F-16F7-4668-BE54-9A1E7A4F7556}") = "AkomaNtoso", "GeneratedSchemaLibraries\AkomaNtoso\AkomaNtoso.csproj", "{4E4F7DE9-49CF-4F0D-8F36-EAB0B8DC9200}"
EndProject
Project("{9A19103F-16F7-4668-BE54-9A1E7A4F7556}") = "AIXM", "GeneratedSchemaLibraries\AIXM\AIXM.csproj", "{671A29EC-BB75-4140-88C9-40EF943BC712}"
EndProject
Project("{FAE04EC0-301F-11D3-BF4B-00C04F79EFBC}") = "OcmContracts", "GeneratedSchemaLibraries\OcmContracts\OcmContracts.csproj", "{A34483A4-03A5-4C9E-A490-C25EBB65D8A2}"
EndProject
Project("{9A19103F-16F7-4668-BE54-9A1E7A4F7556}") = "NameMangled", "GeneratedSchemaLibraries\NameMangled\NameMangled.csproj", "{5A242D12-D86C-4CF4-8DC2-C97E07D7AF67}"
EndProject
Global
	GlobalSection(SolutionConfigurationPlatforms) = preSolution
		Debug|Any CPU = Debug|Any CPU
		Release|Any CPU = Release|Any CPU
	EndGlobalSection
	GlobalSection(ProjectConfigurationPlatforms) = postSolution
		{71210419-4EA9-442B-ACA2-4FCD647929E3}.Debug|Any CPU.ActiveCfg = Debug|Any CPU
		{71210419-4EA9-442B-ACA2-4FCD647929E3}.Debug|Any CPU.Build.0 = Debug|Any CPU
		{71210419-4EA9-442B-ACA2-4FCD647929E3}.Release|Any CPU.ActiveCfg = Release|Any CPU
		{71210419-4EA9-442B-ACA2-4FCD647929E3}.Release|Any CPU.Build.0 = Release|Any CPU
		{39BF4375-E14A-4779-8D9D-90C39E1C5BBB}.Debug|Any CPU.ActiveCfg = Debug|Any CPU
		{39BF4375-E14A-4779-8D9D-90C39E1C5BBB}.Debug|Any CPU.Build.0 = Debug|Any CPU
		{39BF4375-E14A-4779-8D9D-90C39E1C5BBB}.Release|Any CPU.ActiveCfg = Release|Any CPU
		{39BF4375-E14A-4779-8D9D-90C39E1C5BBB}.Release|Any CPU.Build.0 = Release|Any CPU
		{5BA935F4-E5A4-4679-8F55-3E875C797C54}.Debug|Any CPU.ActiveCfg = Debug|Any CPU
		{5BA935F4-E5A4-4679-8F55-3E875C797C54}.Debug|Any CPU.Build.0 = Debug|Any CPU
		{5BA935F4-E5A4-4679-8F55-3E875C797C54}.Release|Any CPU.ActiveCfg = Release|Any CPU
		{5BA935F4-E5A4-4679-8F55-3E875C797C54}.Release|Any CPU.Build.0 = Release|Any CPU
		{26B49F5C-4459-4B14-B25B-057469144039}.Debug|Any CPU.ActiveCfg = Debug|Any CPU
		{26B49F5C-4459-4B14-B25B-057469144039}.Debug|Any CPU.Build.0 = Debug|Any CPU
		{26B49F5C-4459-4B14-B25B-057469144039}.Release|Any CPU.ActiveCfg = Release|Any CPU
		{26B49F5C-4459-4B14-B25B-057469144039}.Release|Any CPU.Build.0 = Release|Any CPU
		{4796DCB8-6C80-487B-9A58-09B96EEE2908}.Debug|Any CPU.ActiveCfg = Debug|Any CPU
		{4796DCB8-6C80-487B-9A58-09B96EEE2908}.Debug|Any CPU.Build.0 = Debug|Any CPU
		{4796DCB8-6C80-487B-9A58-09B96EEE2908}.Release|Any CPU.ActiveCfg = Release|Any CPU
		{4796DCB8-6C80-487B-9A58-09B96EEE2908}.Release|Any CPU.Build.0 = Release|Any CPU
		{36D3AEAC-AF65-448B-BBFE-C7910E2FB218}.Debug|Any CPU.ActiveCfg = Debug|Any CPU
		{36D3AEAC-AF65-448B-BBFE-C7910E2FB218}.Debug|Any CPU.Build.0 = Debug|Any CPU
		{36D3AEAC-AF65-448B-BBFE-C7910E2FB218}.Release|Any CPU.ActiveCfg = Release|Any CPU
		{36D3AEAC-AF65-448B-BBFE-C7910E2FB218}.Release|Any CPU.Build.0 = Release|Any CPU
		{A0A6591A-0A91-4A22-B7B9-B421F793FE54}.Debug|Any CPU.ActiveCfg = Debug|Any CPU
		{A0A6591A-0A91-4A22-B7B9-B421F793FE54}.Debug|Any CPU.Build.0 = Debug|Any CPU
		{A0A6591A-0A91-4A22-B7B9-B421F793FE54}.Release|Any CPU.ActiveCfg = Release|Any CPU
		{A0A6591A-0A91-4A22-B7B9-B421F793FE54}.Release|Any CPU.Build.0 = Release|Any CPU
		{1D4B39DE-703D-4DAE-8503-2FAA77E27485}.Debug|Any CPU.ActiveCfg = Debug|Any CPU
		{1D4B39DE-703D-4DAE-8503-2FAA77E27485}.Debug|Any CPU.Build.0 = Debug|Any CPU
		{1D4B39DE-703D-4DAE-8503-2FAA77E27485}.Release|Any CPU.ActiveCfg = Release|Any CPU
		{1D4B39DE-703D-4DAE-8503-2FAA77E27485}.Release|Any CPU.Build.0 = Release|Any CPU
		{FC15BBDD-171C-4795-9588-5116311DAF88}.Debug|Any CPU.ActiveCfg = Debug|Any CPU
		{FC15BBDD-171C-4795-9588-5116311DAF88}.Debug|Any CPU.Build.0 = Debug|Any CPU
		{FC15BBDD-171C-4795-9588-5116311DAF88}.Release|Any CPU.ActiveCfg = Release|Any CPU
		{FC15BBDD-171C-4795-9588-5116311DAF88}.Release|Any CPU.Build.0 = Release|Any CPU
		{50225D74-8662-427B-AECB-1B9572821943}.Debug|Any CPU.ActiveCfg = Debug|Any CPU
		{50225D74-8662-427B-AECB-1B9572821943}.Debug|Any CPU.Build.0 = Debug|Any CPU
		{50225D74-8662-427B-AECB-1B9572821943}.Release|Any CPU.ActiveCfg = Release|Any CPU
		{50225D74-8662-427B-AECB-1B9572821943}.Release|Any CPU.Build.0 = Release|Any CPU
		{B82CBC28-33DB-4033-BB15-9550AC86287A}.Debug|Any CPU.ActiveCfg = Debug|Any CPU
		{B82CBC28-33DB-4033-BB15-9550AC86287A}.Debug|Any CPU.Build.0 = Debug|Any CPU
		{B82CBC28-33DB-4033-BB15-9550AC86287A}.Release|Any CPU.ActiveCfg = Release|Any CPU
		{B82CBC28-33DB-4033-BB15-9550AC86287A}.Release|Any CPU.Build.0 = Release|Any CPU
		{E424D7F9-F94E-483C-886A-639C0FAC0B2E}.Debug|Any CPU.ActiveCfg = Debug|Any CPU
		{E424D7F9-F94E-483C-886A-639C0FAC0B2E}.Debug|Any CPU.Build.0 = Debug|Any CPU
		{E424D7F9-F94E-483C-886A-639C0FAC0B2E}.Release|Any CPU.ActiveCfg = Release|Any CPU
		{E424D7F9-F94E-483C-886A-639C0FAC0B2E}.Release|Any CPU.Build.0 = Release|Any CPU
		{6A0D2C3F-2650-4738-B8B9-96121374B6F0}.Debug|Any CPU.ActiveCfg = Debug|Any CPU
		{6A0D2C3F-2650-4738-B8B9-96121374B6F0}.Debug|Any CPU.Build.0 = Debug|Any CPU
		{6A0D2C3F-2650-4738-B8B9-96121374B6F0}.Release|Any CPU.ActiveCfg = Release|Any CPU
		{6A0D2C3F-2650-4738-B8B9-96121374B6F0}.Release|Any CPU.Build.0 = Release|Any CPU
		{7A7532E0-BE55-4441-ADDB-909273CA940E}.Debug|Any CPU.ActiveCfg = Debug|Any CPU
		{7A7532E0-BE55-4441-ADDB-909273CA940E}.Debug|Any CPU.Build.0 = Debug|Any CPU
		{7A7532E0-BE55-4441-ADDB-909273CA940E}.Release|Any CPU.ActiveCfg = Release|Any CPU
		{7A7532E0-BE55-4441-ADDB-909273CA940E}.Release|Any CPU.Build.0 = Release|Any CPU
		{355AA6F1-91D6-4002-B1BC-7D2FE7644002}.Debug|Any CPU.ActiveCfg = Debug|Any CPU
		{355AA6F1-91D6-4002-B1BC-7D2FE7644002}.Debug|Any CPU.Build.0 = Debug|Any CPU
		{355AA6F1-91D6-4002-B1BC-7D2FE7644002}.Release|Any CPU.ActiveCfg = Release|Any CPU
		{355AA6F1-91D6-4002-B1BC-7D2FE7644002}.Release|Any CPU.Build.0 = Release|Any CPU
		{54F576C6-94C8-4271-9AD7-DC50C1849239}.Debug|Any CPU.ActiveCfg = Debug|Any CPU
		{54F576C6-94C8-4271-9AD7-DC50C1849239}.Debug|Any CPU.Build.0 = Debug|Any CPU
		{54F576C6-94C8-4271-9AD7-DC50C1849239}.Release|Any CPU.ActiveCfg = Release|Any CPU
		{54F576C6-94C8-4271-9AD7-DC50C1849239}.Release|Any CPU.Build.0 = Release|Any CPU
		{EA78E164-1DD2-450F-82D8-DFCFB7990A0E}.Debug|Any CPU.ActiveCfg = Debug|Any CPU
		{EA78E164-1DD2-450F-82D8-DFCFB7990A0E}.Debug|Any CPU.Build.0 = Debug|Any CPU
		{EA78E164-1DD2-450F-82D8-DFCFB7990A0E}.Release|Any CPU.ActiveCfg = Release|Any CPU
		{EA78E164-1DD2-450F-82D8-DFCFB7990A0E}.Release|Any CPU.Build.0 = Release|Any CPU
		{C0EE1D8F-68D2-42CE-AF5A-62D8969F690D}.Debug|Any CPU.ActiveCfg = Debug|Any CPU
		{C0EE1D8F-68D2-42CE-AF5A-62D8969F690D}.Debug|Any CPU.Build.0 = Debug|Any CPU
		{C0EE1D8F-68D2-42CE-AF5A-62D8969F690D}.Release|Any CPU.ActiveCfg = Release|Any CPU
		{C0EE1D8F-68D2-42CE-AF5A-62D8969F690D}.Release|Any CPU.Build.0 = Release|Any CPU
		{5B2BE122-7AA7-4DAE-AD3F-250E659EB1BC}.Debug|Any CPU.ActiveCfg = Debug|Any CPU
		{5B2BE122-7AA7-4DAE-AD3F-250E659EB1BC}.Debug|Any CPU.Build.0 = Debug|Any CPU
		{5B2BE122-7AA7-4DAE-AD3F-250E659EB1BC}.Release|Any CPU.ActiveCfg = Release|Any CPU
		{5B2BE122-7AA7-4DAE-AD3F-250E659EB1BC}.Release|Any CPU.Build.0 = Release|Any CPU
		{753E6685-AE69-4913-8704-D96B5C5724C0}.Debug|Any CPU.ActiveCfg = Debug|Any CPU
		{753E6685-AE69-4913-8704-D96B5C5724C0}.Debug|Any CPU.Build.0 = Debug|Any CPU
		{753E6685-AE69-4913-8704-D96B5C5724C0}.Release|Any CPU.ActiveCfg = Release|Any CPU
		{753E6685-AE69-4913-8704-D96B5C5724C0}.Release|Any CPU.Build.0 = Release|Any CPU
		{DE54F790-68EA-4E72-A380-DE575BE9A307}.Debug|Any CPU.ActiveCfg = Debug|Any CPU
		{DE54F790-68EA-4E72-A380-DE575BE9A307}.Debug|Any CPU.Build.0 = Debug|Any CPU
		{DE54F790-68EA-4E72-A380-DE575BE9A307}.Release|Any CPU.ActiveCfg = Release|Any CPU
		{DE54F790-68EA-4E72-A380-DE575BE9A307}.Release|Any CPU.Build.0 = Release|Any CPU
		{DA831FDF-6B03-4EF9-8E28-0C537FCF2F13}.Debug|Any CPU.ActiveCfg = Debug|Any CPU
		{DA831FDF-6B03-4EF9-8E28-0C537FCF2F13}.Debug|Any CPU.Build.0 = Debug|Any CPU
		{DA831FDF-6B03-4EF9-8E28-0C537FCF2F13}.Release|Any CPU.ActiveCfg = Release|Any CPU
		{DA831FDF-6B03-4EF9-8E28-0C537FCF2F13}.Release|Any CPU.Build.0 = Release|Any CPU
		{92DEB6C3-752B-43E9-A41D-EBFE52799CED}.Debug|Any CPU.ActiveCfg = Debug|Any CPU
		{92DEB6C3-752B-43E9-A41D-EBFE52799CED}.Debug|Any CPU.Build.0 = Debug|Any CPU
		{92DEB6C3-752B-43E9-A41D-EBFE52799CED}.Release|Any CPU.ActiveCfg = Release|Any CPU
		{92DEB6C3-752B-43E9-A41D-EBFE52799CED}.Release|Any CPU.Build.0 = Release|Any CPU
		{A44CDE65-ADF9-49C3-81ED-199375B69814}.Debug|Any CPU.ActiveCfg = Debug|Any CPU
		{A44CDE65-ADF9-49C3-81ED-199375B69814}.Debug|Any CPU.Build.0 = Debug|Any CPU
		{A44CDE65-ADF9-49C3-81ED-199375B69814}.Release|Any CPU.ActiveCfg = Release|Any CPU
		{A44CDE65-ADF9-49C3-81ED-199375B69814}.Release|Any CPU.Build.0 = Release|Any CPU
		{33B6A2C4-9859-4E80-ADC6-8CE61DDB181E}.Debug|Any CPU.ActiveCfg = Debug|Any CPU
		{33B6A2C4-9859-4E80-ADC6-8CE61DDB181E}.Debug|Any CPU.Build.0 = Debug|Any CPU
		{33B6A2C4-9859-4E80-ADC6-8CE61DDB181E}.Release|Any CPU.ActiveCfg = Release|Any CPU
		{33B6A2C4-9859-4E80-ADC6-8CE61DDB181E}.Release|Any CPU.Build.0 = Release|Any CPU
		{58317C4B-5F51-41D1-8DBE-BA704A638EAB}.Debug|Any CPU.ActiveCfg = Debug|Any CPU
		{58317C4B-5F51-41D1-8DBE-BA704A638EAB}.Debug|Any CPU.Build.0 = Debug|Any CPU
		{58317C4B-5F51-41D1-8DBE-BA704A638EAB}.Release|Any CPU.ActiveCfg = Release|Any CPU
		{58317C4B-5F51-41D1-8DBE-BA704A638EAB}.Release|Any CPU.Build.0 = Release|Any CPU
		{2F190584-0C5D-4FD2-B943-D539DA83BC60}.Debug|Any CPU.ActiveCfg = Debug|Any CPU
		{2F190584-0C5D-4FD2-B943-D539DA83BC60}.Debug|Any CPU.Build.0 = Debug|Any CPU
		{2F190584-0C5D-4FD2-B943-D539DA83BC60}.Release|Any CPU.ActiveCfg = Release|Any CPU
		{2F190584-0C5D-4FD2-B943-D539DA83BC60}.Release|Any CPU.Build.0 = Release|Any CPU
		{A493F448-B6F6-4D4B-ACDD-EBC21D8AF40C}.Debug|Any CPU.ActiveCfg = Debug|Any CPU
		{A493F448-B6F6-4D4B-ACDD-EBC21D8AF40C}.Debug|Any CPU.Build.0 = Debug|Any CPU
		{A493F448-B6F6-4D4B-ACDD-EBC21D8AF40C}.Release|Any CPU.ActiveCfg = Release|Any CPU
		{A493F448-B6F6-4D4B-ACDD-EBC21D8AF40C}.Release|Any CPU.Build.0 = Release|Any CPU
		{95E4DD8E-978D-4BBC-B422-0B0147826623}.Debug|Any CPU.ActiveCfg = Debug|Any CPU
		{95E4DD8E-978D-4BBC-B422-0B0147826623}.Debug|Any CPU.Build.0 = Debug|Any CPU
		{95E4DD8E-978D-4BBC-B422-0B0147826623}.Release|Any CPU.ActiveCfg = Release|Any CPU
		{95E4DD8E-978D-4BBC-B422-0B0147826623}.Release|Any CPU.Build.0 = Release|Any CPU
		{EEAB1C76-6C21-4003-B79C-2656ACAF75B9}.Debug|Any CPU.ActiveCfg = Debug|Any CPU
		{EEAB1C76-6C21-4003-B79C-2656ACAF75B9}.Debug|Any CPU.Build.0 = Debug|Any CPU
		{EEAB1C76-6C21-4003-B79C-2656ACAF75B9}.Release|Any CPU.ActiveCfg = Release|Any CPU
		{EEAB1C76-6C21-4003-B79C-2656ACAF75B9}.Release|Any CPU.Build.0 = Release|Any CPU
		{86A3A90B-CB93-46BA-A3CF-E379C0C0C56D}.Debug|Any CPU.ActiveCfg = Debug|Any CPU
		{86A3A90B-CB93-46BA-A3CF-E379C0C0C56D}.Debug|Any CPU.Build.0 = Debug|Any CPU
		{86A3A90B-CB93-46BA-A3CF-E379C0C0C56D}.Release|Any CPU.ActiveCfg = Release|Any CPU
		{86A3A90B-CB93-46BA-A3CF-E379C0C0C56D}.Release|Any CPU.Build.0 = Release|Any CPU
		{C78E3F2E-D715-418D-BB00-C02B5A4A16AB}.Debug|Any CPU.ActiveCfg = Debug|Any CPU
		{C78E3F2E-D715-418D-BB00-C02B5A4A16AB}.Debug|Any CPU.Build.0 = Debug|Any CPU
		{C78E3F2E-D715-418D-BB00-C02B5A4A16AB}.Release|Any CPU.ActiveCfg = Release|Any CPU
		{C78E3F2E-D715-418D-BB00-C02B5A4A16AB}.Release|Any CPU.Build.0 = Release|Any CPU
		{EDED7CA9-3B3C-47BC-8D2C-360CF6E188A9}.Debug|Any CPU.ActiveCfg = Debug|Any CPU
		{EDED7CA9-3B3C-47BC-8D2C-360CF6E188A9}.Debug|Any CPU.Build.0 = Debug|Any CPU
		{EDED7CA9-3B3C-47BC-8D2C-360CF6E188A9}.Release|Any CPU.ActiveCfg = Release|Any CPU
		{EDED7CA9-3B3C-47BC-8D2C-360CF6E188A9}.Release|Any CPU.Build.0 = Release|Any CPU
		{194A275E-4707-464C-BD51-1EC6AD243822}.Debug|Any CPU.ActiveCfg = Debug|Any CPU
		{194A275E-4707-464C-BD51-1EC6AD243822}.Debug|Any CPU.Build.0 = Debug|Any CPU
		{194A275E-4707-464C-BD51-1EC6AD243822}.Release|Any CPU.ActiveCfg = Release|Any CPU
		{194A275E-4707-464C-BD51-1EC6AD243822}.Release|Any CPU.Build.0 = Release|Any CPU
		{44326163-DE70-4130-B828-575058594AC3}.Debug|Any CPU.ActiveCfg = Debug|Any CPU
		{44326163-DE70-4130-B828-575058594AC3}.Debug|Any CPU.Build.0 = Debug|Any CPU
		{44326163-DE70-4130-B828-575058594AC3}.Release|Any CPU.ActiveCfg = Release|Any CPU
		{44326163-DE70-4130-B828-575058594AC3}.Release|Any CPU.Build.0 = Release|Any CPU
		{BE2D9BA8-AA9D-4DAF-9935-F58DA69BC648}.Debug|Any CPU.ActiveCfg = Debug|Any CPU
		{BE2D9BA8-AA9D-4DAF-9935-F58DA69BC648}.Debug|Any CPU.Build.0 = Debug|Any CPU
		{BE2D9BA8-AA9D-4DAF-9935-F58DA69BC648}.Release|Any CPU.ActiveCfg = Release|Any CPU
		{BE2D9BA8-AA9D-4DAF-9935-F58DA69BC648}.Release|Any CPU.Build.0 = Release|Any CPU
		{8CF2F880-ED0C-434C-9414-7BA4992FB1B2}.Debug|Any CPU.ActiveCfg = Debug|Any CPU
		{8CF2F880-ED0C-434C-9414-7BA4992FB1B2}.Debug|Any CPU.Build.0 = Debug|Any CPU
		{8CF2F880-ED0C-434C-9414-7BA4992FB1B2}.Release|Any CPU.ActiveCfg = Release|Any CPU
		{8CF2F880-ED0C-434C-9414-7BA4992FB1B2}.Release|Any CPU.Build.0 = Release|Any CPU
		{21775A03-A2AB-4E61-9EF2-EE0CDE0D682E}.Debug|Any CPU.ActiveCfg = Debug|Any CPU
		{21775A03-A2AB-4E61-9EF2-EE0CDE0D682E}.Debug|Any CPU.Build.0 = Debug|Any CPU
		{21775A03-A2AB-4E61-9EF2-EE0CDE0D682E}.Release|Any CPU.ActiveCfg = Release|Any CPU
		{21775A03-A2AB-4E61-9EF2-EE0CDE0D682E}.Release|Any CPU.Build.0 = Release|Any CPU
		{F9C475A8-287F-48CE-8E07-C68EBA2A58D7}.Debug|Any CPU.ActiveCfg = Debug|Any CPU
		{F9C475A8-287F-48CE-8E07-C68EBA2A58D7}.Debug|Any CPU.Build.0 = Debug|Any CPU
		{F9C475A8-287F-48CE-8E07-C68EBA2A58D7}.Release|Any CPU.ActiveCfg = Release|Any CPU
		{F9C475A8-287F-48CE-8E07-C68EBA2A58D7}.Release|Any CPU.Build.0 = Release|Any CPU
		{F4B085CB-CBDF-4C47-BE42-906228E9BB99}.Debug|Any CPU.ActiveCfg = Debug|Any CPU
		{F4B085CB-CBDF-4C47-BE42-906228E9BB99}.Debug|Any CPU.Build.0 = Debug|Any CPU
		{F4B085CB-CBDF-4C47-BE42-906228E9BB99}.Release|Any CPU.ActiveCfg = Release|Any CPU
		{F4B085CB-CBDF-4C47-BE42-906228E9BB99}.Release|Any CPU.Build.0 = Release|Any CPU
		{87AEF19D-317B-46AA-8EEA-8DF6D195565B}.Debug|Any CPU.ActiveCfg = Debug|Any CPU
		{87AEF19D-317B-46AA-8EEA-8DF6D195565B}.Debug|Any CPU.Build.0 = Debug|Any CPU
		{87AEF19D-317B-46AA-8EEA-8DF6D195565B}.Release|Any CPU.ActiveCfg = Release|Any CPU
		{87AEF19D-317B-46AA-8EEA-8DF6D195565B}.Release|Any CPU.Build.0 = Release|Any CPU
		{1E423A51-1355-4F96-A526-0A145DBDCCE2}.Debug|Any CPU.ActiveCfg = Debug|Any CPU
		{1E423A51-1355-4F96-A526-0A145DBDCCE2}.Debug|Any CPU.Build.0 = Debug|Any CPU
		{1E423A51-1355-4F96-A526-0A145DBDCCE2}.Release|Any CPU.ActiveCfg = Release|Any CPU
		{1E423A51-1355-4F96-A526-0A145DBDCCE2}.Release|Any CPU.Build.0 = Release|Any CPU
		{633CA715-40C5-4825-A602-1F6E3EDB23D4}.Debug|Any CPU.ActiveCfg = Debug|Any CPU
		{633CA715-40C5-4825-A602-1F6E3EDB23D4}.Debug|Any CPU.Build.0 = Debug|Any CPU
		{633CA715-40C5-4825-A602-1F6E3EDB23D4}.Release|Any CPU.ActiveCfg = Release|Any CPU
		{633CA715-40C5-4825-A602-1F6E3EDB23D4}.Release|Any CPU.Build.0 = Release|Any CPU
		{86DA0F22-D5CF-43C5-BD82-CF3CE90E2FBF}.Debug|Any CPU.ActiveCfg = Debug|Any CPU
		{86DA0F22-D5CF-43C5-BD82-CF3CE90E2FBF}.Debug|Any CPU.Build.0 = Debug|Any CPU
		{86DA0F22-D5CF-43C5-BD82-CF3CE90E2FBF}.Release|Any CPU.ActiveCfg = Release|Any CPU
		{86DA0F22-D5CF-43C5-BD82-CF3CE90E2FBF}.Release|Any CPU.Build.0 = Release|Any CPU
		{D8B6729F-97D2-473F-8A32-CDE8A6B900D0}.Debug|Any CPU.ActiveCfg = Debug|Any CPU
		{D8B6729F-97D2-473F-8A32-CDE8A6B900D0}.Debug|Any CPU.Build.0 = Debug|Any CPU
		{D8B6729F-97D2-473F-8A32-CDE8A6B900D0}.Release|Any CPU.ActiveCfg = Release|Any CPU
		{D8B6729F-97D2-473F-8A32-CDE8A6B900D0}.Release|Any CPU.Build.0 = Release|Any CPU
		{E7AA5DF2-281C-4BAA-B6F7-17B65A1DCF2A}.Debug|Any CPU.ActiveCfg = Debug|Any CPU
		{E7AA5DF2-281C-4BAA-B6F7-17B65A1DCF2A}.Debug|Any CPU.Build.0 = Debug|Any CPU
		{E7AA5DF2-281C-4BAA-B6F7-17B65A1DCF2A}.Release|Any CPU.ActiveCfg = Release|Any CPU
		{E7AA5DF2-281C-4BAA-B6F7-17B65A1DCF2A}.Release|Any CPU.Build.0 = Release|Any CPU
		{F5B7CB2F-3907-451A-9BFC-B59BBB450CFC}.Debug|Any CPU.ActiveCfg = Debug|Any CPU
		{F5B7CB2F-3907-451A-9BFC-B59BBB450CFC}.Debug|Any CPU.Build.0 = Debug|Any CPU
		{F5B7CB2F-3907-451A-9BFC-B59BBB450CFC}.Release|Any CPU.ActiveCfg = Release|Any CPU
		{F5B7CB2F-3907-451A-9BFC-B59BBB450CFC}.Release|Any CPU.Build.0 = Release|Any CPU
		{39CAD7B7-40CC-4751-8585-E44569D21676}.Debug|Any CPU.ActiveCfg = Debug|Any CPU
		{39CAD7B7-40CC-4751-8585-E44569D21676}.Debug|Any CPU.Build.0 = Debug|Any CPU
		{39CAD7B7-40CC-4751-8585-E44569D21676}.Release|Any CPU.ActiveCfg = Release|Any CPU
		{39CAD7B7-40CC-4751-8585-E44569D21676}.Release|Any CPU.Build.0 = Release|Any CPU
		{4E4F7DE9-49CF-4F0D-8F36-EAB0B8DC9200}.Debug|Any CPU.ActiveCfg = Debug|Any CPU
		{4E4F7DE9-49CF-4F0D-8F36-EAB0B8DC9200}.Debug|Any CPU.Build.0 = Debug|Any CPU
		{4E4F7DE9-49CF-4F0D-8F36-EAB0B8DC9200}.Release|Any CPU.ActiveCfg = Release|Any CPU
		{4E4F7DE9-49CF-4F0D-8F36-EAB0B8DC9200}.Release|Any CPU.Build.0 = Release|Any CPU
		{671A29EC-BB75-4140-88C9-40EF943BC712}.Debug|Any CPU.ActiveCfg = Debug|Any CPU
		{671A29EC-BB75-4140-88C9-40EF943BC712}.Debug|Any CPU.Build.0 = Debug|Any CPU
		{671A29EC-BB75-4140-88C9-40EF943BC712}.Release|Any CPU.ActiveCfg = Release|Any CPU
		{671A29EC-BB75-4140-88C9-40EF943BC712}.Release|Any CPU.Build.0 = Release|Any CPU
		{A34483A4-03A5-4C9E-A490-C25EBB65D8A2}.Debug|Any CPU.ActiveCfg = Debug|Any CPU
		{A34483A4-03A5-4C9E-A490-C25EBB65D8A2}.Debug|Any CPU.Build.0 = Debug|Any CPU
		{A34483A4-03A5-4C9E-A490-C25EBB65D8A2}.Release|Any CPU.ActiveCfg = Release|Any CPU
		{A34483A4-03A5-4C9E-A490-C25EBB65D8A2}.Release|Any CPU.Build.0 = Release|Any CPU
		{5A242D12-D86C-4CF4-8DC2-C97E07D7AF67}.Debug|Any CPU.ActiveCfg = Debug|Any CPU
		{5A242D12-D86C-4CF4-8DC2-C97E07D7AF67}.Debug|Any CPU.Build.0 = Debug|Any CPU
		{5A242D12-D86C-4CF4-8DC2-C97E07D7AF67}.Release|Any CPU.ActiveCfg = Release|Any CPU
		{5A242D12-D86C-4CF4-8DC2-C97E07D7AF67}.Release|Any CPU.Build.0 = Release|Any CPU
	EndGlobalSection
	GlobalSection(SolutionProperties) = preSolution
		HideSolutionNode = FALSE
	EndGlobalSection
	GlobalSection(NestedProjects) = preSolution
		{36D3AEAC-AF65-448B-BBFE-C7910E2FB218} = {E65C7EC3-E7E2-46C0-83E1-BFD629ED6C6D}
		{A0A6591A-0A91-4A22-B7B9-B421F793FE54} = {E65C7EC3-E7E2-46C0-83E1-BFD629ED6C6D}
		{1D4B39DE-703D-4DAE-8503-2FAA77E27485} = {E65C7EC3-E7E2-46C0-83E1-BFD629ED6C6D}
		{FC15BBDD-171C-4795-9588-5116311DAF88} = {E65C7EC3-E7E2-46C0-83E1-BFD629ED6C6D}
		{50225D74-8662-427B-AECB-1B9572821943} = {E65C7EC3-E7E2-46C0-83E1-BFD629ED6C6D}
		{B82CBC28-33DB-4033-BB15-9550AC86287A} = {E65C7EC3-E7E2-46C0-83E1-BFD629ED6C6D}
		{E424D7F9-F94E-483C-886A-639C0FAC0B2E} = {E65C7EC3-E7E2-46C0-83E1-BFD629ED6C6D}
		{6A0D2C3F-2650-4738-B8B9-96121374B6F0} = {E65C7EC3-E7E2-46C0-83E1-BFD629ED6C6D}
		{7A7532E0-BE55-4441-ADDB-909273CA940E} = {E65C7EC3-E7E2-46C0-83E1-BFD629ED6C6D}
		{355AA6F1-91D6-4002-B1BC-7D2FE7644002} = {E65C7EC3-E7E2-46C0-83E1-BFD629ED6C6D}
		{54F576C6-94C8-4271-9AD7-DC50C1849239} = {E65C7EC3-E7E2-46C0-83E1-BFD629ED6C6D}
		{EA78E164-1DD2-450F-82D8-DFCFB7990A0E} = {E65C7EC3-E7E2-46C0-83E1-BFD629ED6C6D}
		{C0EE1D8F-68D2-42CE-AF5A-62D8969F690D} = {E65C7EC3-E7E2-46C0-83E1-BFD629ED6C6D}
		{5B2BE122-7AA7-4DAE-AD3F-250E659EB1BC} = {E65C7EC3-E7E2-46C0-83E1-BFD629ED6C6D}
		{753E6685-AE69-4913-8704-D96B5C5724C0} = {E65C7EC3-E7E2-46C0-83E1-BFD629ED6C6D}
		{DE54F790-68EA-4E72-A380-DE575BE9A307} = {E65C7EC3-E7E2-46C0-83E1-BFD629ED6C6D}
		{DA831FDF-6B03-4EF9-8E28-0C537FCF2F13} = {E65C7EC3-E7E2-46C0-83E1-BFD629ED6C6D}
		{92DEB6C3-752B-43E9-A41D-EBFE52799CED} = {E65C7EC3-E7E2-46C0-83E1-BFD629ED6C6D}
		{A44CDE65-ADF9-49C3-81ED-199375B69814} = {E65C7EC3-E7E2-46C0-83E1-BFD629ED6C6D}
		{33B6A2C4-9859-4E80-ADC6-8CE61DDB181E} = {E65C7EC3-E7E2-46C0-83E1-BFD629ED6C6D}
		{58317C4B-5F51-41D1-8DBE-BA704A638EAB} = {E65C7EC3-E7E2-46C0-83E1-BFD629ED6C6D}
		{2F190584-0C5D-4FD2-B943-D539DA83BC60} = {E65C7EC3-E7E2-46C0-83E1-BFD629ED6C6D}
		{A493F448-B6F6-4D4B-ACDD-EBC21D8AF40C} = {E65C7EC3-E7E2-46C0-83E1-BFD629ED6C6D}
		{95E4DD8E-978D-4BBC-B422-0B0147826623} = {E65C7EC3-E7E2-46C0-83E1-BFD629ED6C6D}
		{EEAB1C76-6C21-4003-B79C-2656ACAF75B9} = {E65C7EC3-E7E2-46C0-83E1-BFD629ED6C6D}
		{86A3A90B-CB93-46BA-A3CF-E379C0C0C56D} = {E65C7EC3-E7E2-46C0-83E1-BFD629ED6C6D}
		{C78E3F2E-D715-418D-BB00-C02B5A4A16AB} = {E65C7EC3-E7E2-46C0-83E1-BFD629ED6C6D}
		{EDED7CA9-3B3C-47BC-8D2C-360CF6E188A9} = {E65C7EC3-E7E2-46C0-83E1-BFD629ED6C6D}
		{194A275E-4707-464C-BD51-1EC6AD243822} = {E65C7EC3-E7E2-46C0-83E1-BFD629ED6C6D}
		{44326163-DE70-4130-B828-575058594AC3} = {E65C7EC3-E7E2-46C0-83E1-BFD629ED6C6D}
		{BE2D9BA8-AA9D-4DAF-9935-F58DA69BC648} = {E65C7EC3-E7E2-46C0-83E1-BFD629ED6C6D}
		{8CF2F880-ED0C-434C-9414-7BA4992FB1B2} = {E65C7EC3-E7E2-46C0-83E1-BFD629ED6C6D}
		{21775A03-A2AB-4E61-9EF2-EE0CDE0D682E} = {E65C7EC3-E7E2-46C0-83E1-BFD629ED6C6D}
		{F9C475A8-287F-48CE-8E07-C68EBA2A58D7} = {E65C7EC3-E7E2-46C0-83E1-BFD629ED6C6D}
		{F4B085CB-CBDF-4C47-BE42-906228E9BB99} = {E65C7EC3-E7E2-46C0-83E1-BFD629ED6C6D}
		{87AEF19D-317B-46AA-8EEA-8DF6D195565B} = {E65C7EC3-E7E2-46C0-83E1-BFD629ED6C6D}
		{1E423A51-1355-4F96-A526-0A145DBDCCE2} = {E65C7EC3-E7E2-46C0-83E1-BFD629ED6C6D}
		{633CA715-40C5-4825-A602-1F6E3EDB23D4} = {E65C7EC3-E7E2-46C0-83E1-BFD629ED6C6D}
		{86DA0F22-D5CF-43C5-BD82-CF3CE90E2FBF} = {E65C7EC3-E7E2-46C0-83E1-BFD629ED6C6D}
		{D8B6729F-97D2-473F-8A32-CDE8A6B900D0} = {E65C7EC3-E7E2-46C0-83E1-BFD629ED6C6D}
		{E7AA5DF2-281C-4BAA-B6F7-17B65A1DCF2A} = {E65C7EC3-E7E2-46C0-83E1-BFD629ED6C6D}
		{F5B7CB2F-3907-451A-9BFC-B59BBB450CFC} = {E65C7EC3-E7E2-46C0-83E1-BFD629ED6C6D}
		{39CAD7B7-40CC-4751-8585-E44569D21676} = {E65C7EC3-E7E2-46C0-83E1-BFD629ED6C6D}
		{4E4F7DE9-49CF-4F0D-8F36-EAB0B8DC9200} = {E65C7EC3-E7E2-46C0-83E1-BFD629ED6C6D}
		{671A29EC-BB75-4140-88C9-40EF943BC712} = {E65C7EC3-E7E2-46C0-83E1-BFD629ED6C6D}
		{A34483A4-03A5-4C9E-A490-C25EBB65D8A2} = {E65C7EC3-E7E2-46C0-83E1-BFD629ED6C6D}
		{5A242D12-D86C-4CF4-8DC2-C97E07D7AF67} = {E65C7EC3-E7E2-46C0-83E1-BFD629ED6C6D}
	EndGlobalSection
	GlobalSection(ExtensibilityGlobals) = postSolution
		SolutionGuid = {515FF9D5-932D-4E95-A20B-E2A06A52858F}
	EndGlobalSection
EndGlobal
