
Microsoft Visual Studio Solution File, Format Version 12.00
# Visual Studio Version 16
VisualStudioVersion = 16.0.29911.84
MinimumVisualStudioVersion = 10.0.40219.1
Project("{9A19103F-16F7-4668-BE54-9A1E7A4F7556}") = "XObjectsCore", "XObjectsCore\XObjectsCore.csproj", "{71210419-4EA9-442B-ACA2-4FCD647929E3}"
EndProject
Project("{9A19103F-16F7-4668-BE54-9A1E7A4F7556}") = "LinqToXsd", "LinqToXsd\LinqToXsd.csproj", "{39BF4375-E14A-4779-8D9D-90C39E1C5BBB}"
EndProject
Project("{9A19103F-16F7-4668-BE54-9A1E7A4F7556}") = "XObjectsTests", "XObjectsTests\XObjectsTests.csproj", "{5BA935F4-E5A4-4679-8F55-3E875C797C54}"
EndProject
Project("{2150E333-8FDC-42A3-9474-1A3956D46DE8}") = "Solution Items", "Solution Items", "{7E2B0371-0473-46A8-B096-ADF655B9D526}"
	ProjectSection(SolutionItems) = preProject
		RELEASENOTES.md = RELEASENOTES.md
	EndProjectSection
EndProject
Project("{9A19103F-16F7-4668-BE54-9A1E7A4F7556}") = "XObjectsCodeGen", "XObjectsCode\XObjectsCodeGen.csproj", "{26B49F5C-4459-4B14-B25B-057469144039}"
EndProject
Project("{FAE04EC0-301F-11D3-BF4B-00C04F79EFBC}") = "LinqToXsd.Schemas", "LinqToXsd.Schemas\LinqToXsd.Schemas.csproj", "{4796DCB8-6C80-487B-9A58-09B96EEE2908}"
EndProject
Global
	GlobalSection(SolutionConfigurationPlatforms) = preSolution
		Debug|Any CPU = Debug|Any CPU
		Release|Any CPU = Release|Any CPU
	EndGlobalSection
	GlobalSection(ProjectConfigurationPlatforms) = postSolution
		{71210419-4EA9-442B-ACA2-4FCD647929E3}.Debug|Any CPU.ActiveCfg = Debug|Any CPU
		{71210419-4EA9-442B-ACA2-4FCD647929E3}.Debug|Any CPU.Build.0 = Debug|Any CPU
		{71210419-4EA9-442B-ACA2-4FCD647929E3}.Release|Any CPU.ActiveCfg = Release|Any CPU
		{71210419-4EA9-442B-ACA2-4FCD647929E3}.Release|Any CPU.Build.0 = Release|Any CPU
		{39BF4375-E14A-4779-8D9D-90C39E1C5BBB}.Debug|Any CPU.ActiveCfg = Debug|Any CPU
		{39BF4375-E14A-4779-8D9D-90C39E1C5BBB}.Debug|Any CPU.Build.0 = Debug|Any CPU
		{39BF4375-E14A-4779-8D9D-90C39E1C5BBB}.Release|Any CPU.ActiveCfg = Release|Any CPU
		{39BF4375-E14A-4779-8D9D-90C39E1C5BBB}.Release|Any CPU.Build.0 = Release|Any CPU
		{5BA935F4-E5A4-4679-8F55-3E875C797C54}.Debug|Any CPU.ActiveCfg = Debug|Any CPU
		{5BA935F4-E5A4-4679-8F55-3E875C797C54}.Debug|Any CPU.Build.0 = Debug|Any CPU
		{5BA935F4-E5A4-4679-8F55-3E875C797C54}.Release|Any CPU.ActiveCfg = Release|Any CPU
		{5BA935F4-E5A4-4679-8F55-3E875C797C54}.Release|Any CPU.Build.0 = Release|Any CPU
		{26B49F5C-4459-4B14-B25B-057469144039}.Debug|Any CPU.ActiveCfg = Debug|Any CPU
		{26B49F5C-4459-4B14-B25B-057469144039}.Debug|Any CPU.Build.0 = Debug|Any CPU
		{26B49F5C-4459-4B14-B25B-057469144039}.Release|Any CPU.ActiveCfg = Release|Any CPU
		{26B49F5C-4459-4B14-B25B-057469144039}.Release|Any CPU.Build.0 = Release|Any CPU
		{4796DCB8-6C80-487B-9A58-09B96EEE2908}.Debug|Any CPU.ActiveCfg = Debug|Any CPU
		{4796DCB8-6C80-487B-9A58-09B96EEE2908}.Debug|Any CPU.Build.0 = Debug|Any CPU
		{4796DCB8-6C80-487B-9A58-09B96EEE2908}.Release|Any CPU.ActiveCfg = Release|Any CPU
		{4796DCB8-6C80-487B-9A58-09B96EEE2908}.Release|Any CPU.Build.0 = Release|Any CPU
	EndGlobalSection
	GlobalSection(SolutionProperties) = preSolution
		HideSolutionNode = FALSE
	EndGlobalSection
	GlobalSection(ExtensibilityGlobals) = postSolution
		SolutionGuid = {515FF9D5-932D-4E95-A20B-E2A06A52858F}
	EndGlobalSection
EndGlobal
